
Microsoft Visual Studio Solution File, Format Version 12.00
# Visual Studio Version 17
VisualStudioVersion = 17.5.002.0
MinimumVisualStudioVersion = 10.0.40219.1
Project("{9A19103F-16F7-4668-BE54-9A1E7A4F7556}") = "linq", "linq.csproj", "{50BAF760-FAE8-4151-86FB-3EEF076108FC}"
EndProject
Global
	GlobalSection(SolutionConfigurationPlatforms) = preSolution
		Debug|Any CPU = Debug|Any CPU
		Release|Any CPU = Release|Any CPU
	EndGlobalSection
	GlobalSection(ProjectConfigurationPlatforms) = postSolution
		{50BAF760-FAE8-4151-86FB-3EEF076108FC}.Debug|Any CPU.ActiveCfg = Debug|Any CPU
		{50BAF760-FAE8-4151-86FB-3EEF076108FC}.Debug|Any CPU.Build.0 = Debug|Any CPU
		{50BAF760-FAE8-4151-86FB-3EEF076108FC}.Release|Any CPU.ActiveCfg = Release|Any CPU
		{50BAF760-FAE8-4151-86FB-3EEF076108FC}.Release|Any CPU.Build.0 = Release|Any CPU
	EndGlobalSection
	GlobalSection(SolutionProperties) = preSolution
		HideSolutionNode = FALSE
	EndGlobalSection
	GlobalSection(ExtensibilityGlobals) = postSolution
		SolutionGuid = {CD9FDE35-3AE9-4717-9495-FC55B14CF9B1}
	EndGlobalSection
EndGlobal
